
Microsoft Visual Studio Solution File, Format Version 12.00
# Visual Studio Version 16
VisualStudioVersion = 16.0.29503.13
MinimumVisualStudioVersion = 10.0.40219.1
Project("{9A19103F-16F7-4668-BE54-9A1E7A4F7556}") = "ALM1Bank", "ALM1Bank\ALM1Bank.csproj", "{834B1D3E-7F92-418F-B204-942101178C14}"
EndProject
Project("{9A19103F-16F7-4668-BE54-9A1E7A4F7556}") = "ALM1Bank.Test", "ALM1Bank.Test\ALM1Bank.Test.csproj", "{E3F9AD2A-8A96-4DDD-B1DB-DA8EC308EE95}"
EndProject
Project("{2150E333-8FDC-42A3-9474-1A3956D46DE8}") = "Solution Items", "Solution Items", "{23CFAE87-AC0D-431D-A52B-D281AFB7CDFB}"
	ProjectSection(SolutionItems) = preProject
		README.md = README.md
	EndProjectSection
EndProject
Global
	GlobalSection(SolutionConfigurationPlatforms) = preSolution
		Debug|Any CPU = Debug|Any CPU
		Release|Any CPU = Release|Any CPU
	EndGlobalSection
	GlobalSection(ProjectConfigurationPlatforms) = postSolution
		{834B1D3E-7F92-418F-B204-942101178C14}.Debug|Any CPU.ActiveCfg = Debug|Any CPU
		{834B1D3E-7F92-418F-B204-942101178C14}.Debug|Any CPU.Build.0 = Debug|Any CPU
		{834B1D3E-7F92-418F-B204-942101178C14}.Release|Any CPU.ActiveCfg = Release|Any CPU
		{834B1D3E-7F92-418F-B204-942101178C14}.Release|Any CPU.Build.0 = Release|Any CPU
		{E3F9AD2A-8A96-4DDD-B1DB-DA8EC308EE95}.Debug|Any CPU.ActiveCfg = Debug|Any CPU
		{E3F9AD2A-8A96-4DDD-B1DB-DA8EC308EE95}.Debug|Any CPU.Build.0 = Debug|Any CPU
		{E3F9AD2A-8A96-4DDD-B1DB-DA8EC308EE95}.Release|Any CPU.ActiveCfg = Release|Any CPU
		{E3F9AD2A-8A96-4DDD-B1DB-DA8EC308EE95}.Release|Any CPU.Build.0 = Release|Any CPU
	EndGlobalSection
	GlobalSection(SolutionProperties) = preSolution
		HideSolutionNode = FALSE
	EndGlobalSection
	GlobalSection(ExtensibilityGlobals) = postSolution
		SolutionGuid = {D565C7E2-2969-4784-8E22-E9A484CFED56}
	EndGlobalSection
EndGlobal
